
Microsoft Visual Studio Solution File, Format Version 12.00
# Visual Studio 15
VisualStudioVersion = 15.0.28307.168
MinimumVisualStudioVersion = 10.0.40219.1
Project("{FAE04EC0-301F-11D3-BF4B-00C04F79EFBC}") = "VierGewinnt.Core", "VierGewinnt.Core\VierGewinnt.Core.csproj", "{B8BEF04E-B2ED-4CE3-B340-E211721D1B30}"
EndProject
Project("{FAE04EC0-301F-11D3-BF4B-00C04F79EFBC}") = "VierGewinnt.Core.Tests", "VierGewinnt.Core.Tests\VierGewinnt.Core.Tests.csproj", "{B112D9AB-6F3B-4A20-840F-C590202E4699}"
EndProject
Project("{2150E333-8FDC-42A3-9474-1A3956D46DE8}") = "Solution Items", "Solution Items", "{767C0EF1-4B98-4193-9176-EADFF6983D9D}"
	ProjectSection(SolutionItems) = preProject
		README.md = README.md
	EndProjectSection
EndProject
Global
	GlobalSection(SolutionConfigurationPlatforms) = preSolution
		Debug|Any CPU = Debug|Any CPU
		Release|Any CPU = Release|Any CPU
	EndGlobalSection
	GlobalSection(ProjectConfigurationPlatforms) = postSolution
		{B8BEF04E-B2ED-4CE3-B340-E211721D1B30}.Debug|Any CPU.ActiveCfg = Debug|Any CPU
		{B8BEF04E-B2ED-4CE3-B340-E211721D1B30}.Debug|Any CPU.Build.0 = Debug|Any CPU
		{B8BEF04E-B2ED-4CE3-B340-E211721D1B30}.Release|Any CPU.ActiveCfg = Release|Any CPU
		{B8BEF04E-B2ED-4CE3-B340-E211721D1B30}.Release|Any CPU.Build.0 = Release|Any CPU
		{B112D9AB-6F3B-4A20-840F-C590202E4699}.Debug|Any CPU.ActiveCfg = Debug|Any CPU
		{B112D9AB-6F3B-4A20-840F-C590202E4699}.Debug|Any CPU.Build.0 = Debug|Any CPU
		{B112D9AB-6F3B-4A20-840F-C590202E4699}.Release|Any CPU.ActiveCfg = Release|Any CPU
		{B112D9AB-6F3B-4A20-840F-C590202E4699}.Release|Any CPU.Build.0 = Release|Any CPU
	EndGlobalSection
	GlobalSection(SolutionProperties) = preSolution
		HideSolutionNode = FALSE
	EndGlobalSection
	GlobalSection(ExtensibilityGlobals) = postSolution
		SolutionGuid = {05938275-1A07-4470-9608-4F1101C18F6A}
	EndGlobalSection
EndGlobal
